schema: '2.0'
stages:
  preprocess:
    cmd: python src/preprocess.py
    deps:
    - path: data/raw/data.csv
      hash: md5
      md5: 739f3c9177b13d1c15aa060046cfb023
      size: 23872
    - path: src/preprocess.py
      hash: md5
      md5: 2602d7a9ad46d2528297d203794c6506
      size: 515
    params:
      params.yaml:
        preprocess.input: data/raw/data.csv
        preprocess.output: data/processed/data.csv
    outs:
    - path: data/processed/data.csv
      hash: md5
      md5: 3302275bc664f0b6997d36afecabe090
      size: 23874
  train:
    cmd: python src/train.py
    deps:
    - path: data/raw/data.csv
      hash: md5
      md5: 739f3c9177b13d1c15aa060046cfb023
      size: 23872
    - path: src/train.py
      hash: md5
      md5: 50852588e8543b44957e30058d0a445f
      size: 3601
    params:
      params.yaml:
        train.data: data/processed/data.csv
        train.max_depth: 5
        train.model: models/model.pkl
        train.n_estimators: 100
        train.random_state: 42
    outs:
    - path: models/model.pkl
      hash: md5
      md5: a3559ee242291e74049cfb413f45595e
      size: 1327272
  evaluate:
    cmd: python src/evaluate.py
    deps:
    - path: data/raw/data.csv
      hash: md5
      md5: 739f3c9177b13d1c15aa060046cfb023
      size: 23872
    - path: models/model.pkl
      hash: md5
      md5: a3559ee242291e74049cfb413f45595e
      size: 1327272
    - path: src/evaluate.py
      hash: md5
      md5: a01c3ed56ed5039c81e7c0b74ae94d20
      size: 1053
